// !$*UTF8*$!
{
	archiveVersion = 1;
	classes = {
	};
	objectVersion = 52;
	objects = {

/* Begin PBXBuildFile section */
		16D727F023C748F100684881 /* TinyNetworking in Frameworks */ = {isa = PBXBuildFile; productRef = 16D727EF23C748F100684881 /* TinyNetworking */; };
		16D727F323C7519900684881 /* Backend.swift in Sources */ = {isa = PBXBuildFile; fileRef = 16D727F223C7519900684881 /* Backend.swift */; };
		16D727FB23C7520F00684881 /* BackendTests.swift in Sources */ = {isa = PBXBuildFile; fileRef = 16D727FA23C7520F00684881 /* BackendTests.swift */; };
		AA1476EB212AEF1700214093 /* AppDelegate.swift in Sources */ = {isa = PBXBuildFile; fileRef = AA1476EA212AEF1700214093 /* AppDelegate.swift */; };
		AA1476ED212AEF1700214093 /* LoginViewController.swift in Sources */ = {isa = PBXBuildFile; fileRef = AA1476EC212AEF1700214093 /* LoginViewController.swift */; };
		AA1476F0212AEF1700214093 /* Main.storyboard in Resources */ = {isa = PBXBuildFile; fileRef = AA1476EE212AEF1700214093 /* Main.storyboard */; };
		AA1476F2212AEF1800214093 /* Assets.xcassets in Resources */ = {isa = PBXBuildFile; fileRef = AA1476F1212AEF1800214093 /* Assets.xcassets */; };
		AA1476F5212AEF1800214093 /* LaunchScreen.storyboard in Resources */ = {isa = PBXBuildFile; fileRef = AA1476F3212AEF1800214093 /* LaunchScreen.storyboard */; };
		AA147702212AEFBC00214093 /* LoginPresenter.swift in Sources */ = {isa = PBXBuildFile; fileRef = AA147701212AEFBC00214093 /* LoginPresenter.swift */; };
		AA147706212AEFF300214093 /* LoginPresenterContract.swift in Sources */ = {isa = PBXBuildFile; fileRef = AA147705212AEFF300214093 /* LoginPresenterContract.swift */; };
		AA147708212AF01A00214093 /* LoginViewContract.swift in Sources */ = {isa = PBXBuildFile; fileRef = AA147707212AF01A00214093 /* LoginViewContract.swift */; };
		AA14770B212AF10900214093 /* SuccessPresenterContract.swift in Sources */ = {isa = PBXBuildFile; fileRef = AA14770A212AF10900214093 /* SuccessPresenterContract.swift */; };
		AA14770D212AF13B00214093 /* SuccesssPresenter.swift in Sources */ = {isa = PBXBuildFile; fileRef = AA14770C212AF13B00214093 /* SuccesssPresenter.swift */; };
		AA147710212AF16500214093 /* SuccessViewContract.swift in Sources */ = {isa = PBXBuildFile; fileRef = AA14770F212AF16500214093 /* SuccessViewContract.swift */; };
		AA147712212AF17C00214093 /* SuccessViewController.swift in Sources */ = {isa = PBXBuildFile; fileRef = AA147711212AF17C00214093 /* SuccessViewController.swift */; };
		AA147715212AF4EB00214093 /* Router.swift in Sources */ = {isa = PBXBuildFile; fileRef = AA147714212AF4EB00214093 /* Router.swift */; };
/* End PBXBuildFile section */

/* Begin PBXContainerItemProxy section */
		16D727FD23C7520F00684881 /* PBXContainerItemProxy */ = {
			isa = PBXContainerItemProxy;
			containerPortal = AA1476DF212AEF1700214093 /* Project object */;
			proxyType = 1;
			remoteGlobalIDString = AA1476E6212AEF1700214093;
			remoteInfo = ExpertLeadTest;
		};
/* End PBXContainerItemProxy section */

/* Begin PBXFileReference section */
		16D727F223C7519900684881 /* Backend.swift */ = {isa = PBXFileReference; lastKnownFileType = sourcecode.swift; path = Backend.swift; sourceTree = "<group>"; };
		16D727F823C7520F00684881 /* ExpertLeadTestTests.xctest */ = {isa = PBXFileReference; explicitFileType = wrapper.cfbundle; includeInIndex = 0; path = ExpertLeadTestTests.xctest; sourceTree = BUILT_PRODUCTS_DIR; };
		16D727FA23C7520F00684881 /* BackendTests.swift */ = {isa = PBXFileReference; lastKnownFileType = sourcecode.swift; path = BackendTests.swift; sourceTree = "<group>"; };
		16D727FC23C7520F00684881 /* Info.plist */ = {isa = PBXFileReference; lastKnownFileType = text.plist.xml; path = Info.plist; sourceTree = "<group>"; };
		AA1476E7212AEF1700214093 /* ExpertLeadTest.app */ = {isa = PBXFileReference; explicitFileType = wrapper.application; includeInIndex = 0; path = ExpertLeadTest.app; sourceTree = BUILT_PRODUCTS_DIR; };
		AA1476EA212AEF1700214093 /* AppDelegate.swift */ = {isa = PBXFileReference; lastKnownFileType = sourcecode.swift; path = AppDelegate.swift; sourceTree = "<group>"; };
		AA1476EC212AEF1700214093 /* LoginViewController.swift */ = {isa = PBXFileReference; lastKnownFileType = sourcecode.swift; path = LoginViewController.swift; sourceTree = "<group>"; };
		AA1476EF212AEF1700214093 /* Base */ = {isa = PBXFileReference; lastKnownFileType = file.storyboard; name = Base; path = Base.lproj/Main.storyboard; sourceTree = "<group>"; };
		AA1476F1212AEF1800214093 /* Assets.xcassets */ = {isa = PBXFileReference; lastKnownFileType = folder.assetcatalog; path = Assets.xcassets; sourceTree = "<group>"; };
		AA1476F4212AEF1800214093 /* Base */ = {isa = PBXFileReference; lastKnownFileType = file.storyboard; name = Base; path = Base.lproj/LaunchScreen.storyboard; sourceTree = "<group>"; };
		AA1476F6212AEF1800214093 /* Info.plist */ = {isa = PBXFileReference; lastKnownFileType = text.plist.xml; path = Info.plist; sourceTree = "<group>"; };
		AA147701212AEFBC00214093 /* LoginPresenter.swift */ = {isa = PBXFileReference; lastKnownFileType = sourcecode.swift; path = LoginPresenter.swift; sourceTree = "<group>"; };
		AA147705212AEFF300214093 /* LoginPresenterContract.swift */ = {isa = PBXFileReference; lastKnownFileType = sourcecode.swift; path = LoginPresenterContract.swift; sourceTree = "<group>"; };
		AA147707212AF01A00214093 /* LoginViewContract.swift */ = {isa = PBXFileReference; lastKnownFileType = sourcecode.swift; path = LoginViewContract.swift; sourceTree = "<group>"; };
		AA14770A212AF10900214093 /* SuccessPresenterContract.swift */ = {isa = PBXFileReference; lastKnownFileType = sourcecode.swift; path = SuccessPresenterContract.swift; sourceTree = "<group>"; };
		AA14770C212AF13B00214093 /* SuccesssPresenter.swift */ = {isa = PBXFileReference; lastKnownFileType = sourcecode.swift; path = SuccesssPresenter.swift; sourceTree = "<group>"; };
		AA14770F212AF16500214093 /* SuccessViewContract.swift */ = {isa = PBXFileReference; lastKnownFileType = sourcecode.swift; path = SuccessViewContract.swift; sourceTree = "<group>"; };
		AA147711212AF17C00214093 /* SuccessViewController.swift */ = {isa = PBXFileReference; lastKnownFileType = sourcecode.swift; path = SuccessViewController.swift; sourceTree = "<group>"; };
		AA147714212AF4EB00214093 /* Router.swift */ = {isa = PBXFileReference; lastKnownFileType = sourcecode.swift; path = Router.swift; sourceTree = "<group>"; };
/* End PBXFileReference section */

/* Begin PBXFrameworksBuildPhase section */
		16D727F523C7520F00684881 /* Frameworks */ = {
			isa = PBXFrameworksBuildPhase;
			buildActionMask = 2147483647;
			files = (
			);
			runOnlyForDeploymentPostprocessing = 0;
		};
		AA1476E4212AEF1700214093 /* Frameworks */ = {
			isa = PBXFrameworksBuildPhase;
			buildActionMask = 2147483647;
			files = (
				16D727F023C748F100684881 /* TinyNetworking in Frameworks */,
			);
			runOnlyForDeploymentPostprocessing = 0;
		};
/* End PBXFrameworksBuildPhase section */

/* Begin PBXGroup section */
		16D727F123C7516300684881 /* Networking */ = {
			isa = PBXGroup;
			children = (
				16D727F223C7519900684881 /* Backend.swift */,
			);
			path = Networking;
			sourceTree = "<group>";
		};
		16D727F923C7520F00684881 /* ExpertLeadTestTests */ = {
			isa = PBXGroup;
			children = (
				16D727FA23C7520F00684881 /* BackendTests.swift */,
				16D727FC23C7520F00684881 /* Info.plist */,
			);
			path = ExpertLeadTestTests;
			sourceTree = "<group>";
		};
		AA1476DE212AEF1700214093 = {
			isa = PBXGroup;
			children = (
				AA1476E9212AEF1700214093 /* ExpertLeadTest */,
				16D727F923C7520F00684881 /* ExpertLeadTestTests */,
				AA1476E8212AEF1700214093 /* Products */,
			);
			sourceTree = "<group>";
		};
		AA1476E8212AEF1700214093 /* Products */ = {
			isa = PBXGroup;
			children = (
				AA1476E7212AEF1700214093 /* ExpertLeadTest.app */,
				16D727F823C7520F00684881 /* ExpertLeadTestTests.xctest */,
			);
			name = Products;
			sourceTree = "<group>";
		};
		AA1476E9212AEF1700214093 /* ExpertLeadTest */ = {
			isa = PBXGroup;
			children = (
				16D727F123C7516300684881 /* Networking */,
				AA1476FD212AEF3500214093 /* Module */,
				AA147713212AF36B00214093 /* Storyboard */,
				AA1476FC212AEF2300214093 /* Other */,
				AA1476F6212AEF1800214093 /* Info.plist */,
			);
			path = ExpertLeadTest;
			sourceTree = "<group>";
		};
		AA1476FC212AEF2300214093 /* Other */ = {
			isa = PBXGroup;
			children = (
				AA1476EA212AEF1700214093 /* AppDelegate.swift */,
				AA1476F1212AEF1800214093 /* Assets.xcassets */,
				AA1476F3212AEF1800214093 /* LaunchScreen.storyboard */,
			);
			path = Other;
			sourceTree = "<group>";
		};
		AA1476FD212AEF3500214093 /* Module */ = {
			isa = PBXGroup;
			children = (
				AA147714212AF4EB00214093 /* Router.swift */,
				AA147700212AEF5D00214093 /* Login */,
				AA1476FF212AEF5000214093 /* Success */,
			);
			path = Module;
			sourceTree = "<group>";
		};
		AA1476FF212AEF5000214093 /* Success */ = {
			isa = PBXGroup;
			children = (
				AA147709212AF0E700214093 /* Presenter */,
				AA14770E212AF15300214093 /* View */,
			);
			path = Success;
			sourceTree = "<group>";
		};
		AA147700212AEF5D00214093 /* Login */ = {
			isa = PBXGroup;
			children = (
				AA147704212AEFD700214093 /* Presenter */,
				AA147703212AEFD100214093 /* View */,
			);
			path = Login;
			sourceTree = "<group>";
		};
		AA147703212AEFD100214093 /* View */ = {
			isa = PBXGroup;
			children = (
				AA147707212AF01A00214093 /* LoginViewContract.swift */,
				AA1476EC212AEF1700214093 /* LoginViewController.swift */,
			);
			path = View;
			sourceTree = "<group>";
		};
		AA147704212AEFD700214093 /* Presenter */ = {
			isa = PBXGroup;
			children = (
				AA147705212AEFF300214093 /* LoginPresenterContract.swift */,
				AA147701212AEFBC00214093 /* LoginPresenter.swift */,
			);
			path = Presenter;
			sourceTree = "<group>";
		};
		AA147709212AF0E700214093 /* Presenter */ = {
			isa = PBXGroup;
			children = (
				AA14770A212AF10900214093 /* SuccessPresenterContract.swift */,
				AA14770C212AF13B00214093 /* SuccesssPresenter.swift */,
			);
			path = Presenter;
			sourceTree = "<group>";
		};
		AA14770E212AF15300214093 /* View */ = {
			isa = PBXGroup;
			children = (
				AA14770F212AF16500214093 /* SuccessViewContract.swift */,
				AA147711212AF17C00214093 /* SuccessViewController.swift */,
			);
			path = View;
			sourceTree = "<group>";
		};
		AA147713212AF36B00214093 /* Storyboard */ = {
			isa = PBXGroup;
			children = (
				AA1476EE212AEF1700214093 /* Main.storyboard */,
			);
			path = Storyboard;
			sourceTree = "<group>";
		};
/* End PBXGroup section */

/* Begin PBXNativeTarget section */
		16D727F723C7520F00684881 /* ExpertLeadTestTests */ = {
			isa = PBXNativeTarget;
			buildConfigurationList = 16D727FF23C7520F00684881 /* Build configuration list for PBXNativeTarget "ExpertLeadTestTests" */;
			buildPhases = (
				16D727F423C7520F00684881 /* Sources */,
				16D727F523C7520F00684881 /* Frameworks */,
				16D727F623C7520F00684881 /* Resources */,
			);
			buildRules = (
			);
			dependencies = (
				16D727FE23C7520F00684881 /* PBXTargetDependency */,
			);
			name = ExpertLeadTestTests;
			productName = ExpertLeadTestTests;
			productReference = 16D727F823C7520F00684881 /* ExpertLeadTestTests.xctest */;
			productType = "com.apple.product-type.bundle.unit-test";
		};
		AA1476E6212AEF1700214093 /* ExpertLeadTest */ = {
			isa = PBXNativeTarget;
			buildConfigurationList = AA1476F9212AEF1800214093 /* Build configuration list for PBXNativeTarget "ExpertLeadTest" */;
			buildPhases = (
				AA1476E3212AEF1700214093 /* Sources */,
				AA1476E4212AEF1700214093 /* Frameworks */,
				AA1476E5212AEF1700214093 /* Resources */,
			);
			buildRules = (
			);
			dependencies = (
			);
			name = ExpertLeadTest;
			packageProductDependencies = (
				16D727EF23C748F100684881 /* TinyNetworking */,
			);
			productName = ExpertLeadTest;
			productReference = AA1476E7212AEF1700214093 /* ExpertLeadTest.app */;
			productType = "com.apple.product-type.application";
		};
/* End PBXNativeTarget section */

/* Begin PBXProject section */
		AA1476DF212AEF1700214093 /* Project object */ = {
			isa = PBXProject;
			attributes = {
				LastSwiftUpdateCheck = 1130;
				LastUpgradeCheck = 0940;
				TargetAttributes = {
					16D727F723C7520F00684881 = {
						CreatedOnToolsVersion = 11.3;
						TestTargetID = AA1476E6212AEF1700214093;
					};
					AA1476E6212AEF1700214093 = {
						CreatedOnToolsVersion = 9.4.1;
						LastSwiftMigration = 1130;
					};
				};
			};
			buildConfigurationList = AA1476E2212AEF1700214093 /* Build configuration list for PBXProject "ExpertLeadTest" */;
			compatibilityVersion = "Xcode 9.3";
			developmentRegion = en;
			hasScannedForEncodings = 0;
			knownRegions = (
				en,
				Base,
			);
			mainGroup = AA1476DE212AEF1700214093;
			packageReferences = (
				16D727EE23C748F100684881 /* XCRemoteSwiftPackageReference "tiny-networking" */,
			);
			productRefGroup = AA1476E8212AEF1700214093 /* Products */;
			projectDirPath = "";
			projectRoot = "";
			targets = (
				AA1476E6212AEF1700214093 /* ExpertLeadTest */,
				16D727F723C7520F00684881 /* ExpertLeadTestTests */,
			);
		};
/* End PBXProject section */

/* Begin PBXResourcesBuildPhase section */
		16D727F623C7520F00684881 /* Resources */ = {
			isa = PBXResourcesBuildPhase;
			buildActionMask = 2147483647;
			files = (
			);
			runOnlyForDeploymentPostprocessing = 0;
		};
		AA1476E5212AEF1700214093 /* Resources */ = {
			isa = PBXResourcesBuildPhase;
			buildActionMask = 2147483647;
			files = (
				AA1476F5212AEF1800214093 /* LaunchScreen.storyboard in Resources */,
				AA1476F2212AEF1800214093 /* Assets.xcassets in Resources */,
				AA1476F0212AEF1700214093 /* Main.storyboard in Resources */,
			);
			runOnlyForDeploymentPostprocessing = 0;
		};
/* End PBXResourcesBuildPhase section */

/* Begin PBXSourcesBuildPhase section */
		16D727F423C7520F00684881 /* Sources */ = {
			isa = PBXSourcesBuildPhase;
			buildActionMask = 2147483647;
			files = (
				16D727FB23C7520F00684881 /* BackendTests.swift in Sources */,
			);
			runOnlyForDeploymentPostprocessing = 0;
		};
		AA1476E3212AEF1700214093 /* Sources */ = {
			isa = PBXSourcesBuildPhase;
			buildActionMask = 2147483647;
			files = (
				AA147702212AEFBC00214093 /* LoginPresenter.swift in Sources */,
				AA147712212AF17C00214093 /* SuccessViewController.swift in Sources */,
				AA147715212AF4EB00214093 /* Router.swift in Sources */,
				AA1476ED212AEF1700214093 /* LoginViewController.swift in Sources */,
				16D727F323C7519900684881 /* Backend.swift in Sources */,
				AA147706212AEFF300214093 /* LoginPresenterContract.swift in Sources */,
				AA14770D212AF13B00214093 /* SuccesssPresenter.swift in Sources */,
				AA1476EB212AEF1700214093 /* AppDelegate.swift in Sources */,
				AA14770B212AF10900214093 /* SuccessPresenterContract.swift in Sources */,
				AA147710212AF16500214093 /* SuccessViewContract.swift in Sources */,
				AA147708212AF01A00214093 /* LoginViewContract.swift in Sources */,
			);
			runOnlyForDeploymentPostprocessing = 0;
		};
/* End PBXSourcesBuildPhase section */

/* Begin PBXTargetDependency section */
		16D727FE23C7520F00684881 /* PBXTargetDependency */ = {
			isa = PBXTargetDependency;
			target = AA1476E6212AEF1700214093 /* ExpertLeadTest */;
			targetProxy = 16D727FD23C7520F00684881 /* PBXContainerItemProxy */;
		};
/* End PBXTargetDependency section */

/* Begin PBXVariantGroup section */
		AA1476EE212AEF1700214093 /* Main.storyboard */ = {
			isa = PBXVariantGroup;
			children = (
				AA1476EF212AEF1700214093 /* Base */,
			);
			name = Main.storyboard;
			sourceTree = "<group>";
		};
		AA1476F3212AEF1800214093 /* LaunchScreen.storyboard */ = {
			isa = PBXVariantGroup;
			children = (
				AA1476F4212AEF1800214093 /* Base */,
			);
			name = LaunchScreen.storyboard;
			sourceTree = "<group>";
		};
/* End PBXVariantGroup section */

/* Begin XCBuildConfiguration section */
		16D7280023C7520F00684881 /* Debug */ = {
			isa = XCBuildConfiguration;
			buildSettings = {
				BUNDLE_LOADER = "$(TEST_HOST)";
				CODE_SIGN_STYLE = Automatic;
				INFOPLIST_FILE = ExpertLeadTestTests/Info.plist;
				IPHONEOS_DEPLOYMENT_TARGET = 13.2;
				LD_RUNPATH_SEARCH_PATHS = (
					"$(inherited)",
					"@executable_path/Frameworks",
					"@loader_path/Frameworks",
				);
				MTL_ENABLE_DEBUG_INFO = INCLUDE_SOURCE;
				MTL_FAST_MATH = YES;
				PRODUCT_BUNDLE_IDENTIFIER = com.jamiebanford.ExpertLeadTestTests;
				PRODUCT_NAME = "$(TARGET_NAME)";
				SWIFT_VERSION = 5.0;
				TARGETED_DEVICE_FAMILY = "1,2";
				TEST_HOST = "$(BUILT_PRODUCTS_DIR)/ExpertLeadTest.app/ExpertLeadTest";
			};
			name = Debug;
		};
		16D7280123C7520F00684881 /* Release */ = {
			isa = XCBuildConfiguration;
			buildSettings = {
				BUNDLE_LOADER = "$(TEST_HOST)";
				CODE_SIGN_STYLE = Automatic;
				INFOPLIST_FILE = ExpertLeadTestTests/Info.plist;
				IPHONEOS_DEPLOYMENT_TARGET = 13.2;
				LD_RUNPATH_SEARCH_PATHS = (
					"$(inherited)",
					"@executable_path/Frameworks",
					"@loader_path/Frameworks",
				);
				MTL_FAST_MATH = YES;
				PRODUCT_BUNDLE_IDENTIFIER = com.jamiebanford.ExpertLeadTestTests;
				PRODUCT_NAME = "$(TARGET_NAME)";
				SWIFT_VERSION = 5.0;
				TARGETED_DEVICE_FAMILY = "1,2";
				TEST_HOST = "$(BUILT_PRODUCTS_DIR)/ExpertLeadTest.app/ExpertLeadTest";
			};
			name = Release;
		};
		AA1476F7212AEF1800214093 /* Debug */ = {
			isa = XCBuildConfiguration;
			buildSettings = {
				ALWAYS_SEARCH_USER_PATHS = NO;
				CLANG_ANALYZER_NONNULL = YES;
				CLANG_ANALYZER_NUMBER_OBJECT_CONVERSION = YES_AGGRESSIVE;
				CLANG_CXX_LANGUAGE_STANDARD = "gnu++14";
				CLANG_CXX_LIBRARY = "libc++";
				CLANG_ENABLE_MODULES = YES;
				CLANG_ENABLE_OBJC_ARC = YES;
				CLANG_ENABLE_OBJC_WEAK = YES;
				CLANG_WARN_BLOCK_CAPTURE_AUTORELEASING = YES;
				CLANG_WARN_BOOL_CONVERSION = YES;
				CLANG_WARN_COMMA = YES;
				CLANG_WARN_CONSTANT_CONVERSION = YES;
				CLANG_WARN_DEPRECATED_OBJC_IMPLEMENTATIONS = YES;
				CLANG_WARN_DIRECT_OBJC_ISA_USAGE = YES_ERROR;
				CLANG_WARN_DOCUMENTATION_COMMENTS = YES;
				CLANG_WARN_EMPTY_BODY = YES;
				CLANG_WARN_ENUM_CONVERSION = YES;
				CLANG_WARN_INFINITE_RECURSION = YES;
				CLANG_WARN_INT_CONVERSION = YES;
				CLANG_WARN_NON_LITERAL_NULL_CONVERSION = YES;
				CLANG_WARN_OBJC_IMPLICIT_RETAIN_SELF = YES;
				CLANG_WARN_OBJC_LITERAL_CONVERSION = YES;
				CLANG_WARN_OBJC_ROOT_CLASS = YES_ERROR;
				CLANG_WARN_RANGE_LOOP_ANALYSIS = YES;
				CLANG_WARN_STRICT_PROTOTYPES = YES;
				CLANG_WARN_SUSPICIOUS_MOVE = YES;
				CLANG_WARN_UNGUARDED_AVAILABILITY = YES_AGGRESSIVE;
				CLANG_WARN_UNREACHABLE_CODE = YES;
				CLANG_WARN__DUPLICATE_METHOD_MATCH = YES;
				CODE_SIGN_IDENTITY = "iPhone Developer";
				COPY_PHASE_STRIP = NO;
				DEBUG_INFORMATION_FORMAT = dwarf;
				ENABLE_STRICT_OBJC_MSGSEND = YES;
				ENABLE_TESTABILITY = YES;
				GCC_C_LANGUAGE_STANDARD = gnu11;
				GCC_DYNAMIC_NO_PIC = NO;
				GCC_NO_COMMON_BLOCKS = YES;
				GCC_OPTIMIZATION_LEVEL = 0;
				GCC_PREPROCESSOR_DEFINITIONS = (
					"DEBUG=1",
					"$(inherited)",
				);
				GCC_WARN_64_TO_32_BIT_CONVERSION = YES;
				GCC_WARN_ABOUT_RETURN_TYPE = YES_ERROR;
				GCC_WARN_UNDECLARED_SELECTOR = YES;
				GCC_WARN_UNINITIALIZED_AUTOS = YES_AGGRESSIVE;
				GCC_WARN_UNUSED_FUNCTION = YES;
				GCC_WARN_UNUSED_VARIABLE = YES;
				IPHONEOS_DEPLOYMENT_TARGET = 11.4;
				MTL_ENABLE_DEBUG_INFO = YES;
				ONLY_ACTIVE_ARCH = YES;
				SDKROOT = iphoneos;
				SWIFT_ACTIVE_COMPILATION_CONDITIONS = DEBUG;
				SWIFT_OPTIMIZATION_LEVEL = "-Onone";
			};
			name = Debug;
		};
		AA1476F8212AEF1800214093 /* Release */ = {
			isa = XCBuildConfiguration;
			buildSettings = {
				ALWAYS_SEARCH_USER_PATHS = NO;
				CLANG_ANALYZER_NONNULL = YES;
				CLANG_ANALYZER_NUMBER_OBJECT_CONVERSION = YES_AGGRESSIVE;
				CLANG_CXX_LANGUAGE_STANDARD = "gnu++14";
				CLANG_CXX_LIBRARY = "libc++";
				CLANG_ENABLE_MODULES = YES;
				CLANG_ENABLE_OBJC_ARC = YES;
				CLANG_ENABLE_OBJC_WEAK = YES;
				CLANG_WARN_BLOCK_CAPTURE_AUTORELEASING = YES;
				CLANG_WARN_BOOL_CONVERSION = YES;
				CLANG_WARN_COMMA = YES;
				CLANG_WARN_CONSTANT_CONVERSION = YES;
				CLANG_WARN_DEPRECATED_OBJC_IMPLEMENTATIONS = YES;
				CLANG_WARN_DIRECT_OBJC_ISA_USAGE = YES_ERROR;
				CLANG_WARN_DOCUMENTATION_COMMENTS = YES;
				CLANG_WARN_EMPTY_BODY = YES;
				CLANG_WARN_ENUM_CONVERSION = YES;
				CLANG_WARN_INFINITE_RECURSION = YES;
				CLANG_WARN_INT_CONVERSION = YES;
				CLANG_WARN_NON_LITERAL_NULL_CONVERSION = YES;
				CLANG_WARN_OBJC_IMPLICIT_RETAIN_SELF = YES;
				CLANG_WARN_OBJC_LITERAL_CONVERSION = YES;
				CLANG_WARN_OBJC_ROOT_CLASS = YES_ERROR;
				CLANG_WARN_RANGE_LOOP_ANALYSIS = YES;
				CLANG_WARN_STRICT_PROTOTYPES = YES;
				CLANG_WARN_SUSPICIOUS_MOVE = YES;
				CLANG_WARN_UNGUARDED_AVAILABILITY = YES_AGGRESSIVE;
				CLANG_WARN_UNREACHABLE_CODE = YES;
				CLANG_WARN__DUPLICATE_METHOD_MATCH = YES;
				CODE_SIGN_IDENTITY = "iPhone Developer";
				COPY_PHASE_STRIP = NO;
				DEBUG_INFORMATION_FORMAT = "dwarf-with-dsym";
				ENABLE_NS_ASSERTIONS = NO;
				ENABLE_STRICT_OBJC_MSGSEND = YES;
				GCC_C_LANGUAGE_STANDARD = gnu11;
				GCC_NO_COMMON_BLOCKS = YES;
				GCC_WARN_64_TO_32_BIT_CONVERSION = YES;
				GCC_WARN_ABOUT_RETURN_TYPE = YES_ERROR;
				GCC_WARN_UNDECLARED_SELECTOR = YES;
				GCC_WARN_UNINITIALIZED_AUTOS = YES_AGGRESSIVE;
				GCC_WARN_UNUSED_FUNCTION = YES;
				GCC_WARN_UNUSED_VARIABLE = YES;
				IPHONEOS_DEPLOYMENT_TARGET = 11.4;
				MTL_ENABLE_DEBUG_INFO = NO;
				SDKROOT = iphoneos;
				SWIFT_COMPILATION_MODE = wholemodule;
				SWIFT_OPTIMIZATION_LEVEL = "-O";
				VALIDATE_PRODUCT = YES;
			};
			name = Release;
		};
		AA1476FA212AEF1800214093 /* Debug */ = {
			isa = XCBuildConfiguration;
			buildSettings = {
				ASSETCATALOG_COMPILER_APPICON_NAME = AppIcon;
				CODE_SIGN_STYLE = Automatic;
				INFOPLIST_FILE = ExpertLeadTest/Info.plist;
				LD_RUNPATH_SEARCH_PATHS = (
					"$(inherited)",
					"@executable_path/Frameworks",
				);
				PRODUCT_BUNDLE_IDENTIFIER = com.expertlead.ExpertLeadTest;
				PRODUCT_NAME = "$(TARGET_NAME)";
				SWIFT_VERSION = 5.0;
				TARGETED_DEVICE_FAMILY = "1,2";
			};
			name = Debug;
		};
		AA1476FB212AEF1800214093 /* Release */ = {
			isa = XCBuildConfiguration;
			buildSettings = {
				ASSETCATALOG_COMPILER_APPICON_NAME = AppIcon;
				CODE_SIGN_STYLE = Automatic;
				INFOPLIST_FILE = ExpertLeadTest/Info.plist;
				LD_RUNPATH_SEARCH_PATHS = (
					"$(inherited)",
					"@executable_path/Frameworks",
				);
				PRODUCT_BUNDLE_IDENTIFIER = com.expertlead.ExpertLeadTest;
				PRODUCT_NAME = "$(TARGET_NAME)";
				SWIFT_VERSION = 5.0;
				TARGETED_DEVICE_FAMILY = "1,2";
			};
			name = Release;
		};
/* End XCBuildConfiguration section */

/* Begin XCConfigurationList section */
		16D727FF23C7520F00684881 /* Build configuration list for PBXNativeTarget "ExpertLeadTestTests" */ = {
			isa = XCConfigurationList;
			buildConfigurations = (
				16D7280023C7520F00684881 /* Debug */,
				16D7280123C7520F00684881 /* Release */,
			);
			defaultConfigurationIsVisible = 0;
			defaultConfigurationName = Release;
		};
		AA1476E2212AEF1700214093 /* Build configuration list for PBXProject "ExpertLeadTest" */ = {
			isa = XCConfigurationList;
			buildConfigurations = (
				AA1476F7212AEF1800214093 /* Debug */,
				AA1476F8212AEF1800214093 /* Release */,
			);
			defaultConfigurationIsVisible = 0;
			defaultConfigurationName = Release;
		};
		AA1476F9212AEF1800214093 /* Build configuration list for PBXNativeTarget "ExpertLeadTest" */ = {
			isa = XCConfigurationList;
			buildConfigurations = (
				AA1476FA212AEF1800214093 /* Debug */,
				AA1476FB212AEF1800214093 /* Release */,
			);
			defaultConfigurationIsVisible = 0;
			defaultConfigurationName = Release;
		};
/* End XCConfigurationList section */

/* Begin XCRemoteSwiftPackageReference section */
		16D727EE23C748F100684881 /* XCRemoteSwiftPackageReference "tiny-networking" */ = {
			isa = XCRemoteSwiftPackageReference;
			repositoryURL = "https://github.com/objcio/tiny-networking.git";
			requirement = {
				kind = exactVersion;
				version = 0.3.0;
			};
		};
/* End XCRemoteSwiftPackageReference section */

/* Begin XCSwiftPackageProductDependency section */
		16D727EF23C748F100684881 /* TinyNetworking */ = {
			isa = XCSwiftPackageProductDependency;
			package = 16D727EE23C748F100684881 /* XCRemoteSwiftPackageReference "tiny-networking" */;
			productName = TinyNetworking;
		};
/* End XCSwiftPackageProductDependency section */
	};
	rootObject = AA1476DF212AEF1700214093 /* Project object */;
}
